
Microsoft Visual Studio Solution File, Format Version 12.00
# Visual Studio Version 17
VisualStudioVersion = 17.10.35013.160
MinimumVisualStudioVersion = 10.0.40219.1
Project("{9A19103F-16F7-4668-BE54-9A1E7A4F7556}") = "ServerBuilding", "ServerBuilding.csproj", "{2B432CF6-ECF2-4D30-8E1A-A19A4168220B}"
EndProject
Global
	GlobalSection(SolutionConfigurationPlatforms) = preSolution
		Debug|Any CPU = Debug|Any CPU
		Release|Any CPU = Release|Any CPU
	EndGlobalSection
	GlobalSection(ProjectConfigurationPlatforms) = postSolution
		{2B432CF6-ECF2-4D30-8E1A-A19A4168220B}.Debug|Any CPU.ActiveCfg = Debug|Any CPU
		{2B432CF6-ECF2-4D30-8E1A-A19A4168220B}.Debug|Any CPU.Build.0 = Debug|Any CPU
		{2B432CF6-ECF2-4D30-8E1A-A19A4168220B}.Release|Any CPU.ActiveCfg = Release|Any CPU
		{2B432CF6-ECF2-4D30-8E1A-A19A4168220B}.Release|Any CPU.Build.0 = Release|Any CPU
	EndGlobalSection
	GlobalSection(SolutionProperties) = preSolution
		HideSolutionNode = FALSE
	EndGlobalSection
	GlobalSection(ExtensibilityGlobals) = postSolution
		SolutionGuid = {BCB45A2A-A78E-40BB-9A51-97E99217B598}
	EndGlobalSection
EndGlobal
